{
  "name": "spymaster",
  "lockfileVersion": 3,
  "requires": true,
  "packages": {
    "": {
      "dependencies": {
        "@azure/mcp": "^2.0.0-beta.8"
      }
    },
    "node_modules/@azure/mcp": {
      "version": "2.0.0-beta.8",
      "resolved": "https://registry.npmjs.org/@azure/mcp/-/mcp-2.0.0-beta.8.tgz",
      "integrity": "sha512-VOuIyGmMbesq6ZXLkcbPITJoR42BkC/NvkwZWeFZfTjN2IH1PHdMRQ9Acy5QDmuDqV2Uic2dyDmBw/HPtcPevg==",
      "cpu": [
        "x64",
        "arm64"
      ],
      "hasInstallScript": true,
      "license": "MIT",
      "os": [
        "linux",
        "darwin",
        "win32"
      ],
      "bin": {
        "azmcp": "index.js"
      },
      "engines": {
        "node": ">=20.0.0"
      },
      "optionalDependencies": {
        "@azure/mcp-darwin-arm64": "2.0.0-beta.8",
        "@azure/mcp-darwin-x64": "2.0.0-beta.8",
        "@azure/mcp-linux-arm64": "2.0.0-beta.8",
        "@azure/mcp-linux-x64": "2.0.0-beta.8",
        "@azure/mcp-win32-arm64": "2.0.0-beta.8",
        "@azure/mcp-win32-x64": "2.0.0-beta.8"
      }
    },
    "node_modules/@azure/mcp-darwin-arm64": {
      "version": "2.0.0-beta.8",
      "resolved": "https://registry.npmjs.org/@azure/mcp-darwin-arm64/-/mcp-darwin-arm64-2.0.0-beta.8.tgz",
      "integrity": "sha512-NBNmx0Vn1ClpOdROAcmQVCJOKRiq57OKKo/UfVn9MhztI/z9r6MWh0lVUI0NW4WaDmFu0l/vMLt479IwmfFrzA==",
      "cpu": [
        "arm64"
      ],
      "license": "MIT",
      "optional": true,
      "os": [
        "darwin"
      ],
      "bin": {
        "azmcp-darwin-arm64": "dist/azmcp"
      },
      "engines": {
        "node": ">=20.0.0"
      }
    },
    "node_modules/@azure/mcp-darwin-x64": {
      "version": "2.0.0-beta.8",
      "resolved": "https://registry.npmjs.org/@azure/mcp-darwin-x64/-/mcp-darwin-x64-2.0.0-beta.8.tgz",
      "integrity": "sha512-ylnOezPIqrgP/RtalZSsDVy90wZiC2PwYocFszdhfj8p0URitYALANCp++Y3wJfEJdIMO9lk/bYQ38aYe/SGEw==",
      "cpu": [
        "x64"
      ],
      "license": "MIT",
      "optional": true,
      "os": [
        "darwin"
      ],
      "bin": {
        "azmcp-darwin-x64": "dist/azmcp"
      },
      "engines": {
        "node": ">=20.0.0"
      }
    },
    "node_modules/@azure/mcp-linux-arm64": {
      "version": "2.0.0-beta.8",
      "resolved": "https://registry.npmjs.org/@azure/mcp-linux-arm64/-/mcp-linux-arm64-2.0.0-beta.8.tgz",
      "integrity": "sha512-JktzstNUz+3q/T3vwRLJorX8ZBedzwAw/FXhcaqTnnbKQbExUvb/zNXQz1RxI7BottUX5GxSpsJS7L1LQirFBA==",
      "cpu": [
        "arm64"
      ],
      "license": "MIT",
      "optional": true,
      "os": [
        "linux"
      ],
      "bin": {
        "azmcp-linux-arm64": "dist/azmcp"
      },
      "engines": {
        "node": ">=20.0.0"
      }
    },
    "node_modules/@azure/mcp-linux-x64": {
      "version": "2.0.0-beta.8",
      "resolved": "https://registry.npmjs.org/@azure/mcp-linux-x64/-/mcp-linux-x64-2.0.0-beta.8.tgz",
      "integrity": "sha512-JqQTCgMGs/dwEv8d8d3CSicJ6EzAti3BioqeZ89cLYbQPj1Fs4jPrG5M++weEcAs4MoJ6K/PxOW+sjqaidM+1g==",
      "cpu": [
        "x64"
      ],
      "license": "MIT",
      "optional": true,
      "os": [
        "linux"
      ],
      "bin": {
        "azmcp-linux-x64": "dist/azmcp"
      },
      "engines": {
        "node": ">=20.0.0"
      }
    },
    "node_modules/@azure/mcp-win32-arm64": {
      "version": "2.0.0-beta.8",
      "resolved": "https://registry.npmjs.org/@azure/mcp-win32-arm64/-/mcp-win32-arm64-2.0.0-beta.8.tgz",
      "integrity": "sha512-uwSna3UEzBcKD9I+E/XfnX0vY7ditWFhUvpmcb8XP0sGYjMuy6Zm3nJqBjWF6t3EWjgET2xWlnuYSOVKxtvzug==",
      "cpu": [
        "arm64"
      ],
      "license": "MIT",
      "optional": true,
      "os": [
        "win32"
      ],
      "bin": {
        "azmcp-win32-arm64": "dist/azmcp.exe"
      },
      "engines": {
        "node": ">=20.0.0"
      }
    },
    "node_modules/@azure/mcp-win32-x64": {
      "version": "2.0.0-beta.8",
      "resolved": "https://registry.npmjs.org/@azure/mcp-win32-x64/-/mcp-win32-x64-2.0.0-beta.8.tgz",
      "integrity": "sha512-NcIEdYzDe/kaTBvtBkh4FhtHmpFFZZXIdLHRmCm2UbzUKIc73HWoOqyk8TNTeeov/4dY2nunOMsyJTEbRw1cjQ==",
      "cpu": [
        "x64"
      ],
      "license": "MIT",
      "optional": true,
      "os": [
        "win32"
      ],
      "bin": {
        "azmcp-win32-x64": "dist/azmcp.exe"
      },
      "engines": {
        "node": ">=20.0.0"
      }
    }
  }
}
